
Microsoft Visual Studio Solution File, Format Version 12.00
# Visual Studio Version 16
VisualStudioVersion = 16.0.29123.88
MinimumVisualStudioVersion = 10.0.40219.1
Project("{8BC9CEB8-8B4A-11D0-8D11-00A0C91BC942}") = "A-Frog1", "A-Frog1\A-Frog1.vcxproj", "{D33E1D9E-4A21-40B8-B90B-1878A5F37971}"
EndProject
Project("{8BC9CEB8-8B4A-11D0-8D11-00A0C91BC942}") = "B-Frog2", "B-Frog2\B-Frog2.vcxproj", "{F019F474-A833-4ADA-B515-9785B2347F5D}"
EndProject
Project("{8BC9CEB8-8B4A-11D0-8D11-00A0C91BC942}") = "C-Vacation", "C-Vacation\C-Vacation.vcxproj", "{4244D14C-C048-4BF6-80B4-78CD0053B69B}"
EndProject
Project("{8BC9CEB8-8B4A-11D0-8D11-00A0C91BC942}") = "E-Knapsack2", "E-Knapsack2\E-Knapsack2.vcxproj", "{DF3030C7-2C1F-4C66-BE35-24B62C26B36F}"
EndProject
Project("{8BC9CEB8-8B4A-11D0-8D11-00A0C91BC942}") = "D-Knapsack1", "D-Knapsack1\D-Knapsack1.vcxproj", "{E5C8BE60-9275-454C-BD5E-AF3E1B9B4336}"
EndProject
Project("{8BC9CEB8-8B4A-11D0-8D11-00A0C91BC942}") = "F-LCS", "F-LCS\F-LCS.vcxproj", "{E629FEF0-ECA3-4A99-A14E-A775792656D7}"
EndProject
Project("{8BC9CEB8-8B4A-11D0-8D11-00A0C91BC942}") = "G-LongestPath", "G-LongestPath\G-LongestPath.vcxproj", "{3FEA1C74-F471-4F52-81CA-460F59287F04}"
EndProject
Project("{8BC9CEB8-8B4A-11D0-8D11-00A0C91BC942}") = "H-Grid1", "H-Grid1\H-Grid1.vcxproj", "{E67ED515-BAB6-4904-A59F-5684ACEF8FEC}"
EndProject
Project("{8BC9CEB8-8B4A-11D0-8D11-00A0C91BC942}") = "I-Coins", "I-Coins\I-Coins.vcxproj", "{0810BE0A-1E28-4F2E-9DF7-E0E509B9AE77}"
EndProject
Project("{8BC9CEB8-8B4A-11D0-8D11-00A0C91BC942}") = "J-Sushi", "J-Sushi\J-Sushi.vcxproj", "{9D3B1736-0C7F-4BAE-91C2-A22E41594F1B}"
EndProject
Global
	GlobalSection(SolutionConfigurationPlatforms) = preSolution
		Debug|x64 = Debug|x64
		Debug|x86 = Debug|x86
		Release|x64 = Release|x64
		Release|x86 = Release|x86
	EndGlobalSection
	GlobalSection(ProjectConfigurationPlatforms) = postSolution
		{D33E1D9E-4A21-40B8-B90B-1878A5F37971}.Debug|x64.ActiveCfg = Debug|x64
		{D33E1D9E-4A21-40B8-B90B-1878A5F37971}.Debug|x64.Build.0 = Debug|x64
		{D33E1D9E-4A21-40B8-B90B-1878A5F37971}.Debug|x86.ActiveCfg = Debug|Win32
		{D33E1D9E-4A21-40B8-B90B-1878A5F37971}.Debug|x86.Build.0 = Debug|Win32
		{D33E1D9E-4A21-40B8-B90B-1878A5F37971}.Release|x64.ActiveCfg = Release|x64
		{D33E1D9E-4A21-40B8-B90B-1878A5F37971}.Release|x64.Build.0 = Release|x64
		{D33E1D9E-4A21-40B8-B90B-1878A5F37971}.Release|x86.ActiveCfg = Release|Win32
		{D33E1D9E-4A21-40B8-B90B-1878A5F37971}.Release|x86.Build.0 = Release|Win32
		{F019F474-A833-4ADA-B515-9785B2347F5D}.Debug|x64.ActiveCfg = Debug|x64
		{F019F474-A833-4ADA-B515-9785B2347F5D}.Debug|x64.Build.0 = Debug|x64
		{F019F474-A833-4ADA-B515-9785B2347F5D}.Debug|x86.ActiveCfg = Debug|Win32
		{F019F474-A833-4ADA-B515-9785B2347F5D}.Debug|x86.Build.0 = Debug|Win32
		{F019F474-A833-4ADA-B515-9785B2347F5D}.Release|x64.ActiveCfg = Release|x64
		{F019F474-A833-4ADA-B515-9785B2347F5D}.Release|x64.Build.0 = Release|x64
		{F019F474-A833-4ADA-B515-9785B2347F5D}.Release|x86.ActiveCfg = Release|Win32
		{F019F474-A833-4ADA-B515-9785B2347F5D}.Release|x86.Build.0 = Release|Win32
		{4244D14C-C048-4BF6-80B4-78CD0053B69B}.Debug|x64.ActiveCfg = Debug|x64
		{4244D14C-C048-4BF6-80B4-78CD0053B69B}.Debug|x64.Build.0 = Debug|x64
		{4244D14C-C048-4BF6-80B4-78CD0053B69B}.Debug|x86.ActiveCfg = Debug|Win32
		{4244D14C-C048-4BF6-80B4-78CD0053B69B}.Debug|x86.Build.0 = Debug|Win32
		{4244D14C-C048-4BF6-80B4-78CD0053B69B}.Release|x64.ActiveCfg = Release|x64
		{4244D14C-C048-4BF6-80B4-78CD0053B69B}.Release|x64.Build.0 = Release|x64
		{4244D14C-C048-4BF6-80B4-78CD0053B69B}.Release|x86.ActiveCfg = Release|Win32
		{4244D14C-C048-4BF6-80B4-78CD0053B69B}.Release|x86.Build.0 = Release|Win32
		{DF3030C7-2C1F-4C66-BE35-24B62C26B36F}.Debug|x64.ActiveCfg = Debug|x64
		{DF3030C7-2C1F-4C66-BE35-24B62C26B36F}.Debug|x64.Build.0 = Debug|x64
		{DF3030C7-2C1F-4C66-BE35-24B62C26B36F}.Debug|x86.ActiveCfg = Debug|Win32
		{DF3030C7-2C1F-4C66-BE35-24B62C26B36F}.Debug|x86.Build.0 = Debug|Win32
		{DF3030C7-2C1F-4C66-BE35-24B62C26B36F}.Release|x64.ActiveCfg = Release|x64
		{DF3030C7-2C1F-4C66-BE35-24B62C26B36F}.Release|x64.Build.0 = Release|x64
		{DF3030C7-2C1F-4C66-BE35-24B62C26B36F}.Release|x86.ActiveCfg = Release|Win32
		{DF3030C7-2C1F-4C66-BE35-24B62C26B36F}.Release|x86.Build.0 = Release|Win32
		{E5C8BE60-9275-454C-BD5E-AF3E1B9B4336}.Debug|x64.ActiveCfg = Debug|x64
		{E5C8BE60-9275-454C-BD5E-AF3E1B9B4336}.Debug|x64.Build.0 = Debug|x64
		{E5C8BE60-9275-454C-BD5E-AF3E1B9B4336}.Debug|x86.ActiveCfg = Debug|Win32
		{E5C8BE60-9275-454C-BD5E-AF3E1B9B4336}.Debug|x86.Build.0 = Debug|Win32
		{E5C8BE60-9275-454C-BD5E-AF3E1B9B4336}.Release|x64.ActiveCfg = Release|x64
		{E5C8BE60-9275-454C-BD5E-AF3E1B9B4336}.Release|x64.Build.0 = Release|x64
		{E5C8BE60-9275-454C-BD5E-AF3E1B9B4336}.Release|x86.ActiveCfg = Release|Win32
		{E5C8BE60-9275-454C-BD5E-AF3E1B9B4336}.Release|x86.Build.0 = Release|Win32
		{E629FEF0-ECA3-4A99-A14E-A775792656D7}.Debug|x64.ActiveCfg = Debug|x64
		{E629FEF0-ECA3-4A99-A14E-A775792656D7}.Debug|x64.Build.0 = Debug|x64
		{E629FEF0-ECA3-4A99-A14E-A775792656D7}.Debug|x86.ActiveCfg = Debug|Win32
		{E629FEF0-ECA3-4A99-A14E-A775792656D7}.Debug|x86.Build.0 = Debug|Win32
		{E629FEF0-ECA3-4A99-A14E-A775792656D7}.Release|x64.ActiveCfg = Release|x64
		{E629FEF0-ECA3-4A99-A14E-A775792656D7}.Release|x64.Build.0 = Release|x64
		{E629FEF0-ECA3-4A99-A14E-A775792656D7}.Release|x86.ActiveCfg = Release|Win32
		{E629FEF0-ECA3-4A99-A14E-A775792656D7}.Release|x86.Build.0 = Release|Win32
		{3FEA1C74-F471-4F52-81CA-460F59287F04}.Debug|x64.ActiveCfg = Debug|x64
		{3FEA1C74-F471-4F52-81CA-460F59287F04}.Debug|x64.Build.0 = Debug|x64
		{3FEA1C74-F471-4F52-81CA-460F59287F04}.Debug|x86.ActiveCfg = Debug|Win32
		{3FEA1C74-F471-4F52-81CA-460F59287F04}.Debug|x86.Build.0 = Debug|Win32
		{3FEA1C74-F471-4F52-81CA-460F59287F04}.Release|x64.ActiveCfg = Release|x64
		{3FEA1C74-F471-4F52-81CA-460F59287F04}.Release|x64.Build.0 = Release|x64
		{3FEA1C74-F471-4F52-81CA-460F59287F04}.Release|x86.ActiveCfg = Release|Win32
		{3FEA1C74-F471-4F52-81CA-460F59287F04}.Release|x86.Build.0 = Release|Win32
		{E67ED515-BAB6-4904-A59F-5684ACEF8FEC}.Debug|x64.ActiveCfg = Debug|x64
		{E67ED515-BAB6-4904-A59F-5684ACEF8FEC}.Debug|x64.Build.0 = Debug|x64
		{E67ED515-BAB6-4904-A59F-5684ACEF8FEC}.Debug|x86.ActiveCfg = Debug|Win32
		{E67ED515-BAB6-4904-A59F-5684ACEF8FEC}.Debug|x86.Build.0 = Debug|Win32
		{E67ED515-BAB6-4904-A59F-5684ACEF8FEC}.Release|x64.ActiveCfg = Release|x64
		{E67ED515-BAB6-4904-A59F-5684ACEF8FEC}.Release|x64.Build.0 = Release|x64
		{E67ED515-BAB6-4904-A59F-5684ACEF8FEC}.Release|x86.ActiveCfg = Release|Win32
		{E67ED515-BAB6-4904-A59F-5684ACEF8FEC}.Release|x86.Build.0 = Release|Win32
		{0810BE0A-1E28-4F2E-9DF7-E0E509B9AE77}.Debug|x64.ActiveCfg = Debug|x64
		{0810BE0A-1E28-4F2E-9DF7-E0E509B9AE77}.Debug|x64.Build.0 = Debug|x64
		{0810BE0A-1E28-4F2E-9DF7-E0E509B9AE77}.Debug|x86.ActiveCfg = Debug|Win32
		{0810BE0A-1E28-4F2E-9DF7-E0E509B9AE77}.Debug|x86.Build.0 = Debug|Win32
		{0810BE0A-1E28-4F2E-9DF7-E0E509B9AE77}.Release|x64.ActiveCfg = Release|x64
		{0810BE0A-1E28-4F2E-9DF7-E0E509B9AE77}.Release|x64.Build.0 = Release|x64
		{0810BE0A-1E28-4F2E-9DF7-E0E509B9AE77}.Release|x86.ActiveCfg = Release|Win32
		{0810BE0A-1E28-4F2E-9DF7-E0E509B9AE77}.Release|x86.Build.0 = Release|Win32
		{9D3B1736-0C7F-4BAE-91C2-A22E41594F1B}.Debug|x64.ActiveCfg = Debug|x64
		{9D3B1736-0C7F-4BAE-91C2-A22E41594F1B}.Debug|x64.Build.0 = Debug|x64
		{9D3B1736-0C7F-4BAE-91C2-A22E41594F1B}.Debug|x86.ActiveCfg = Debug|Win32
		{9D3B1736-0C7F-4BAE-91C2-A22E41594F1B}.Debug|x86.Build.0 = Debug|Win32
		{9D3B1736-0C7F-4BAE-91C2-A22E41594F1B}.Release|x64.ActiveCfg = Release|x64
		{9D3B1736-0C7F-4BAE-91C2-A22E41594F1B}.Release|x64.Build.0 = Release|x64
		{9D3B1736-0C7F-4BAE-91C2-A22E41594F1B}.Release|x86.ActiveCfg = Release|Win32
		{9D3B1736-0C7F-4BAE-91C2-A22E41594F1B}.Release|x86.Build.0 = Release|Win32
	EndGlobalSection
	GlobalSection(SolutionProperties) = preSolution
		HideSolutionNode = FALSE
	EndGlobalSection
	GlobalSection(ExtensibilityGlobals) = postSolution
		SolutionGuid = {AD5C36A2-F06C-4A13-8FA1-E25C2E5B7B5C}
	EndGlobalSection
EndGlobal
